
Microsoft Visual Studio Solution File, Format Version 12.00
# Visual Studio Version 16
VisualStudioVersion = 16.0.31205.134
MinimumVisualStudioVersion = 10.0.40219.1
Project("{FAE04EC0-301F-11D3-BF4B-00C04F79EFBC}") = "Proteo5.Agent", "Proteo5.Agent\Proteo5.Agent.csproj", "{243E6302-08DC-458D-833C-19ACD7A9DF0A}"
EndProject
Project("{FAE04EC0-301F-11D3-BF4B-00C04F79EFBC}") = "Proteo5.Agent.Worker.Test", "Proteo5.Agent.Worker.Test\Proteo5.Agent.Worker.Test.csproj", "{1F783CA6-6F63-49B2-A5E8-FB057D2EEF4B}"
EndProject
Project("{00D1A9C2-B5F0-4AF3-8072-F6C62B433612}") = "Proteo5.Agent.DB", "Proteo5.Agent.DB\Proteo5.Agent.DB.sqlproj", "{BB714BB3-65C6-4CD2-ADE4-EDB15C211A28}"
EndProject
Global
	GlobalSection(SolutionConfigurationPlatforms) = preSolution
		Debug|Any CPU = Debug|Any CPU
		Release|Any CPU = Release|Any CPU
	EndGlobalSection
	GlobalSection(ProjectConfigurationPlatforms) = postSolution
		{243E6302-08DC-458D-833C-19ACD7A9DF0A}.Debug|Any CPU.ActiveCfg = Debug|Any CPU
		{243E6302-08DC-458D-833C-19ACD7A9DF0A}.Debug|Any CPU.Build.0 = Debug|Any CPU
		{243E6302-08DC-458D-833C-19ACD7A9DF0A}.Release|Any CPU.ActiveCfg = Release|Any CPU
		{243E6302-08DC-458D-833C-19ACD7A9DF0A}.Release|Any CPU.Build.0 = Release|Any CPU
		{1F783CA6-6F63-49B2-A5E8-FB057D2EEF4B}.Debug|Any CPU.ActiveCfg = Debug|Any CPU
		{1F783CA6-6F63-49B2-A5E8-FB057D2EEF4B}.Debug|Any CPU.Build.0 = Debug|Any CPU
		{1F783CA6-6F63-49B2-A5E8-FB057D2EEF4B}.Release|Any CPU.ActiveCfg = Release|Any CPU
		{1F783CA6-6F63-49B2-A5E8-FB057D2EEF4B}.Release|Any CPU.Build.0 = Release|Any CPU
		{BB714BB3-65C6-4CD2-ADE4-EDB15C211A28}.Debug|Any CPU.ActiveCfg = Debug|Any CPU
		{BB714BB3-65C6-4CD2-ADE4-EDB15C211A28}.Debug|Any CPU.Build.0 = Debug|Any CPU
		{BB714BB3-65C6-4CD2-ADE4-EDB15C211A28}.Debug|Any CPU.Deploy.0 = Debug|Any CPU
		{BB714BB3-65C6-4CD2-ADE4-EDB15C211A28}.Release|Any CPU.ActiveCfg = Release|Any CPU
		{BB714BB3-65C6-4CD2-ADE4-EDB15C211A28}.Release|Any CPU.Build.0 = Release|Any CPU
		{BB714BB3-65C6-4CD2-ADE4-EDB15C211A28}.Release|Any CPU.Deploy.0 = Release|Any CPU
	EndGlobalSection
	GlobalSection(SolutionProperties) = preSolution
		HideSolutionNode = FALSE
	EndGlobalSection
	GlobalSection(ExtensibilityGlobals) = postSolution
		SolutionGuid = {AF8192C9-E8DE-4E57-9742-984E44F575C9}
	EndGlobalSection
EndGlobal
